# THIS IS AN AUTOGENERATED FILE. DO NOT EDIT THIS FILE DIRECTLY.
# yarn lockfile v1


"@nestjs/passport@^7.1.5":
  version "7.1.5"
  resolved "https://registry.yarnpkg.com/@nestjs/passport/-/passport-7.1.5.tgz#b32fc0492008d73ebae4327fbc0012a738a83664"
  integrity sha512-Hu9hPxTdBZA0C4GrWTsSflzwsJ99oAk9jqAwpcszdFNqfjMjkPGuCM9QsVZbBP2bE8fxrVrPsNOILS6puY8e/A==
