# THIS IS AN AUTOGENERATED FILE. DO NOT EDIT THIS FILE DIRECTLY.
# yarn lockfile v1


"@types/validator@^13.1.3":
  "integrity" "sha512-19C02B8mr53HufY7S+HO/EHBD7a/R22IwEwyqiHaR19iwL37dN3o0M8RianVInfSSqP7InVSg/o0mUATM4JWsQ=="
  "resolved" "https://registry.npmjs.org/@types/validator/-/validator-13.1.4.tgz"
  "version" "13.1.4"

"class-transformer@^0.4.0":
  "integrity" "sha512-ETWD/H2TbWbKEi7m9N4Km5+cw1hNcqJSxlSYhsLsNjQzWWiZIYA1zafxpK9PwVfaZ6AqR5rrjPVUBGESm5tQUA=="
  "resolved" "https://registry.npmjs.org/class-transformer/-/class-transformer-0.4.0.tgz"
  "version" "0.4.0"

"class-validator@^0.13.1":
  "integrity" "sha512-zWIeYFhUitvAHBwNhDdCRK09hWx+P0HUwFE8US8/CxFpMVzkUK8RJl7yOIE+BVu2lxyPNgeOaFv78tLE47jBIg=="
  "resolved" "https://registry.npmjs.org/class-validator/-/class-validator-0.13.1.tgz"
  "version" "0.13.1"
  dependencies:
    "@types/validator" "^13.1.3"
    "libphonenumber-js" "^1.9.7"
    "validator" "^13.5.2"

"libphonenumber-js@^1.9.7":
  "integrity" "sha512-RjStfSE63LvXQEBw7pgQHPkY35z8feiMjC9wLvL1Hbt8PbhxpRrACwMXmLQgabb+IpVdcEx+olh8ll7UDXXkfA=="
  "resolved" "https://registry.npmjs.org/libphonenumber-js/-/libphonenumber-js-1.9.19.tgz"
  "version" "1.9.19"

"uuid@^8.3.2":
  "integrity" "sha512-+NYs2QeMWy+GWFOEm9xnn6HCDp0l7QBD7ml8zLUmJ+93Q5NF0NocErnwkTkXVFNiX3/fpC6afS8Dhb/gz7R7eg=="
  "resolved" "https://registry.npmjs.org/uuid/-/uuid-8.3.2.tgz"
  "version" "8.3.2"

"validator@^13.5.2":
  "integrity" "sha512-gVgKbdbHgtxpRyR8K0O6oFZPhhB5tT1jeEHZR0Znr9Svg03U0+r9DXWMrnRAB+HtCStDQKlaIZm42tVsVjqtjg=="
  "resolved" "https://registry.npmjs.org/validator/-/validator-13.6.0.tgz"
  "version" "13.6.0"
